// !$*UTF8*$!
{
	archiveVersion = 1;
	classes = {
	};
	objectVersion = 46;
	objects = {

/* Begin PBXBuildFile section */
		9407E44E1D9CECA5009D488F /* main.m in Sources */ = {isa = PBXBuildFile; fileRef = 9407E44D1D9CECA5009D488F /* main.m */; };
		9407E4511D9CECA5009D488F /* AppDelegate.m in Sources */ = {isa = PBXBuildFile; fileRef = 9407E4501D9CECA5009D488F /* AppDelegate.m */; };
		9407E4541D9CECA5009D488F /* ViewController.m in Sources */ = {isa = PBXBuildFile; fileRef = 9407E4531D9CECA5009D488F /* ViewController.m */; };
		9407E4571D9CECA5009D488F /* Main.storyboard in Resources */ = {isa = PBXBuildFile; fileRef = 9407E4551D9CECA5009D488F /* Main.storyboard */; };
		9407E4591D9CECA5009D488F /* Assets.xcassets in Resources */ = {isa = PBXBuildFile; fileRef = 9407E4581D9CECA5009D488F /* Assets.xcassets */; };
		9407E45C1D9CECA5009D488F /* LaunchScreen.storyboard in Resources */ = {isa = PBXBuildFile; fileRef = 9407E45A1D9CECA5009D488F /* LaunchScreen.storyboard */; };
		9407E4671D9CECE1009D488F /* PictureBroswerTransitionAnimator.m in Sources */ = {isa = PBXBuildFile; fileRef = 9407E4641D9CECE1009D488F /* PictureBroswerTransitionAnimator.m */; };
		9407E4681D9CECE1009D488F /* PictureBroswerViewController.m in Sources */ = {isa = PBXBuildFile; fileRef = 9407E4661D9CECE1009D488F /* PictureBroswerViewController.m */; };
/* End PBXBuildFile section */

/* Begin PBXFileReference section */
		9407E4491D9CECA5009D488F /* TransitioningAnimationDemo1.app */ = {isa = PBXFileReference; explicitFileType = wrapper.application; includeInIndex = 0; path = TransitioningAnimationDemo1.app; sourceTree = BUILT_PRODUCTS_DIR; };
		9407E44D1D9CECA5009D488F /* main.m */ = {isa = PBXFileReference; lastKnownFileType = sourcecode.c.objc; path = main.m; sourceTree = "<group>"; };
		9407E44F1D9CECA5009D488F /* AppDelegate.h */ = {isa = PBXFileReference; lastKnownFileType = sourcecode.c.h; path = AppDelegate.h; sourceTree = "<group>"; };
		9407E4501D9CECA5009D488F /* AppDelegate.m */ = {isa = PBXFileReference; lastKnownFileType = sourcecode.c.objc; path = AppDelegate.m; sourceTree = "<group>"; };
		9407E4521D9CECA5009D488F /* ViewController.h */ = {isa = PBXFileReference; lastKnownFileType = sourcecode.c.h; path = ViewController.h; sourceTree = "<group>"; };
		9407E4531D9CECA5009D488F /* ViewController.m */ = {isa = PBXFileReference; lastKnownFileType = sourcecode.c.objc; path = ViewController.m; sourceTree = "<group>"; };
		9407E4561D9CECA5009D488F /* Base */ = {isa = PBXFileReference; lastKnownFileType = file.storyboard; name = Base; path = Base.lproj/Main.storyboard; sourceTree = "<group>"; };
		9407E4581D9CECA5009D488F /* Assets.xcassets */ = {isa = PBXFileReference; lastKnownFileType = folder.assetcatalog; path = Assets.xcassets; sourceTree = "<group>"; };
		9407E45B1D9CECA5009D488F /* Base */ = {isa = PBXFileReference; lastKnownFileType = file.storyboard; name = Base; path = Base.lproj/LaunchScreen.storyboard; sourceTree = "<group>"; };
		9407E45D1D9CECA5009D488F /* Info.plist */ = {isa = PBXFileReference; lastKnownFileType = text.plist.xml; path = Info.plist; sourceTree = "<group>"; };
		9407E4631D9CECE1009D488F /* PictureBroswerTransitionAnimator.h */ = {isa = PBXFileReference; fileEncoding = 4; lastKnownFileType = sourcecode.c.h; path = PictureBroswerTransitionAnimator.h; sourceTree = "<group>"; };
		9407E4641D9CECE1009D488F /* PictureBroswerTransitionAnimator.m */ = {isa = PBXFileReference; fileEncoding = 4; lastKnownFileType = sourcecode.c.objc; path = PictureBroswerTransitionAnimator.m; sourceTree = "<group>"; };
		9407E4651D9CECE1009D488F /* PictureBroswerViewController.h */ = {isa = PBXFileReference; fileEncoding = 4; lastKnownFileType = sourcecode.c.h; path = PictureBroswerViewController.h; sourceTree = "<group>"; };
		9407E4661D9CECE1009D488F /* PictureBroswerViewController.m */ = {isa = PBXFileReference; fileEncoding = 4; lastKnownFileType = sourcecode.c.objc; path = PictureBroswerViewController.m; sourceTree = "<group>"; };
/* End PBXFileReference section */

/* Begin PBXFrameworksBuildPhase section */
		9407E4461D9CECA5009D488F /* Frameworks */ = {
			isa = PBXFrameworksBuildPhase;
			buildActionMask = 2147483647;
			files = (
			);
			runOnlyForDeploymentPostprocessing = 0;
		};
/* End PBXFrameworksBuildPhase section */

/* Begin PBXGroup section */
		9407E4401D9CECA5009D488F = {
			isa = PBXGroup;
			children = (
				9407E44B1D9CECA5009D488F /* TransitioningAnimationDemo1 */,
				9407E44A1D9CECA5009D488F /* Products */,
			);
			sourceTree = "<group>";
		};
		9407E44A1D9CECA5009D488F /* Products */ = {
			isa = PBXGroup;
			children = (
				9407E4491D9CECA5009D488F /* TransitioningAnimationDemo1.app */,
			);
			name = Products;
			sourceTree = "<group>";
		};
		9407E44B1D9CECA5009D488F /* TransitioningAnimationDemo1 */ = {
			isa = PBXGroup;
			children = (
				9407E44F1D9CECA5009D488F /* AppDelegate.h */,
				9407E4501D9CECA5009D488F /* AppDelegate.m */,
				9407E4521D9CECA5009D488F /* ViewController.h */,
				9407E4531D9CECA5009D488F /* ViewController.m */,
				9407E4651D9CECE1009D488F /* PictureBroswerViewController.h */,
				9407E4661D9CECE1009D488F /* PictureBroswerViewController.m */,
				9407E4631D9CECE1009D488F /* PictureBroswerTransitionAnimator.h */,
				9407E4641D9CECE1009D488F /* PictureBroswerTransitionAnimator.m */,
				9407E4551D9CECA5009D488F /* Main.storyboard */,
				9407E4581D9CECA5009D488F /* Assets.xcassets */,
				9407E45A1D9CECA5009D488F /* LaunchScreen.storyboard */,
				9407E45D1D9CECA5009D488F /* Info.plist */,
				9407E44C1D9CECA5009D488F /* Supporting Files */,
			);
			path = TransitioningAnimationDemo1;
			sourceTree = "<group>";
		};
		9407E44C1D9CECA5009D488F /* Supporting Files */ = {
			isa = PBXGroup;
			children = (
				9407E44D1D9CECA5009D488F /* main.m */,
			);
			name = "Supporting Files";
			sourceTree = "<group>";
		};
/* End PBXGroup section */

/* Begin PBXNativeTarget section */
		9407E4481D9CECA5009D488F /* TransitioningAnimationDemo1 */ = {
			isa = PBXNativeTarget;
			buildConfigurationList = 9407E4601D9CECA5009D488F /* Build configuration list for PBXNativeTarget "TransitioningAnimationDemo1" */;
			buildPhases = (
				9407E4451D9CECA5009D488F /* Sources */,
				9407E4461D9CECA5009D488F /* Frameworks */,
				9407E4471D9CECA5009D488F /* Resources */,
			);
			buildRules = (
			);
			dependencies = (
			);
			name = TransitioningAnimationDemo1;
			productName = TransitioningAnimationDemo1;
			productReference = 9407E4491D9CECA5009D488F /* TransitioningAnimationDemo1.app */;
			productType = "com.apple.product-type.application";
		};
/* End PBXNativeTarget section */

/* Begin PBXProject section */
		9407E4411D9CECA5009D488F /* Project object */ = {
			isa = PBXProject;
			attributes = {
				LastUpgradeCheck = 0800;
				ORGANIZATIONNAME = JiongXing;
				TargetAttributes = {
					9407E4481D9CECA5009D488F = {
						CreatedOnToolsVersion = 8.0;
						ProvisioningStyle = Automatic;
					};
				};
			};
			buildConfigurationList = 9407E4441D9CECA5009D488F /* Build configuration list for PBXProject "TransitioningAnimationDemo1" */;
			compatibilityVersion = "Xcode 3.2";
			developmentRegion = English;
			hasScannedForEncodings = 0;
			knownRegions = (
				en,
				Base,
			);
			mainGroup = 9407E4401D9CECA5009D488F;
			productRefGroup = 9407E44A1D9CECA5009D488F /* Products */;
			projectDirPath = "";
			projectRoot = "";
			targets = (
				9407E4481D9CECA5009D488F /* TransitioningAnimationDemo1 */,
			);
		};
/* End PBXProject section */

/* Begin PBXResourcesBuildPhase section */
		9407E4471D9CECA5009D488F /* Resources */ = {
			isa = PBXResourcesBuildPhase;
			buildActionMask = 2147483647;
			files = (
				9407E45C1D9CECA5009D488F /* LaunchScreen.storyboard in Resources */,
				9407E4591D9CECA5009D488F /* Assets.xcassets in Resources */,
				9407E4571D9CECA5009D488F /* Main.storyboard in Resources */,
			);
			runOnlyForDeploymentPostprocessing = 0;
		};
/* End PBXResourcesBuildPhase section */

/* Begin PBXSourcesBuildPhase section */
		9407E4451D9CECA5009D488F /* Sources */ = {
			isa = PBXSourcesBuildPhase;
			buildActionMask = 2147483647;
			files = (
				9407E4541D9CECA5009D488F /* ViewController.m in Sources */,
				9407E4511D9CECA5009D488F /* AppDelegate.m in Sources */,
				9407E44E1D9CECA5009D488F /* main.m in Sources */,
				9407E4671D9CECE1009D488F /* PictureBroswerTransitionAnimator.m in Sources */,
				9407E4681D9CECE1009D488F /* PictureBroswerViewController.m in Sources */,
			);
			runOnlyForDeploymentPostprocessing = 0;
		};
/* End PBXSourcesBuildPhase section */

/* Begin PBXVariantGroup section */
		9407E4551D9CECA5009D488F /* Main.storyboard */ = {
			isa = PBXVariantGroup;
			children = (
				9407E4561D9CECA5009D488F /* Base */,
			);
			name = Main.storyboard;
			sourceTree = "<group>";
		};
		9407E45A1D9CECA5009D488F /* LaunchScreen.storyboard */ = {
			isa = PBXVariantGroup;
			children = (
				9407E45B1D9CECA5009D488F /* Base */,
			);
			name = LaunchScreen.storyboard;
			sourceTree = "<group>";
		};
/* End PBXVariantGroup section */

/* Begin XCBuildConfiguration section */
		9407E45E1D9CECA5009D488F /* Debug */ = {
			isa = XCBuildConfiguration;
			buildSettings = {
				ALWAYS_SEARCH_USER_PATHS = NO;
				CLANG_ANALYZER_NONNULL = YES;
				CLANG_CXX_LANGUAGE_STANDARD = "gnu++0x";
				CLANG_CXX_LIBRARY = "libc++";
				CLANG_ENABLE_MODULES = YES;
				CLANG_ENABLE_OBJC_ARC = YES;
				CLANG_WARN_BOOL_CONVERSION = YES;
				CLANG_WARN_CONSTANT_CONVERSION = YES;
				CLANG_WARN_DIRECT_OBJC_ISA_USAGE = YES_ERROR;
				CLANG_WARN_DOCUMENTATION_COMMENTS = YES;
				CLANG_WARN_EMPTY_BODY = YES;
				CLANG_WARN_ENUM_CONVERSION = YES;
				CLANG_WARN_INFINITE_RECURSION = YES;
				CLANG_WARN_INT_CONVERSION = YES;
				CLANG_WARN_OBJC_ROOT_CLASS = YES_ERROR;
				CLANG_WARN_SUSPICIOUS_MOVES = YES;
				CLANG_WARN_UNREACHABLE_CODE = YES;
				CLANG_WARN__DUPLICATE_METHOD_MATCH = YES;
				"CODE_SIGN_IDENTITY[sdk=iphoneos*]" = "iPhone Developer";
				COPY_PHASE_STRIP = NO;
				DEBUG_INFORMATION_FORMAT = dwarf;
				ENABLE_STRICT_OBJC_MSGSEND = YES;
				ENABLE_TESTABILITY = YES;
				GCC_C_LANGUAGE_STANDARD = gnu99;
				GCC_DYNAMIC_NO_PIC = NO;
				GCC_NO_COMMON_BLOCKS = YES;
				GCC_OPTIMIZATION_LEVEL = 0;
				GCC_PREPROCESSOR_DEFINITIONS = (
					"DEBUG=1",
					"$(inherited)",
				);
				GCC_WARN_64_TO_32_BIT_CONVERSION = YES;
				GCC_WARN_ABOUT_RETURN_TYPE = YES_ERROR;
				GCC_WARN_UNDECLARED_SELECTOR = YES;
				GCC_WARN_UNINITIALIZED_AUTOS = YES_AGGRESSIVE;
				GCC_WARN_UNUSED_FUNCTION = YES;
				GCC_WARN_UNUSED_VARIABLE = YES;
				IPHONEOS_DEPLOYMENT_TARGET = 10.0;
				MTL_ENABLE_DEBUG_INFO = YES;
				ONLY_ACTIVE_ARCH = YES;
				SDKROOT = iphoneos;
			};
			name = Debug;
		};
		9407E45F1D9CECA5009D488F /* Release */ = {
			isa = XCBuildConfiguration;
			buildSettings = {
				ALWAYS_SEARCH_USER_PATHS = NO;
				CLANG_ANALYZER_NONNULL = YES;
				CLANG_CXX_LANGUAGE_STANDARD = "gnu++0x";
				CLANG_CXX_LIBRARY = "libc++";
				CLANG_ENABLE_MODULES = YES;
				CLANG_ENABLE_OBJC_ARC = YES;
				CLANG_WARN_BOOL_CONVERSION = YES;
				CLANG_WARN_CONSTANT_CONVERSION = YES;
				CLANG_WARN_DIRECT_OBJC_ISA_USAGE = YES_ERROR;
				CLANG_WARN_DOCUMENTATION_COMMENTS = YES;
				CLANG_WARN_EMPTY_BODY = YES;
				CLANG_WARN_ENUM_CONVERSION = YES;
				CLANG_WARN_INFINITE_RECURSION = YES;
				CLANG_WARN_INT_CONVERSION = YES;
				CLANG_WARN_OBJC_ROOT_CLASS = YES_ERROR;
				CLANG_WARN_SUSPICIOUS_MOVES = YES;
				CLANG_WARN_UNREACHABLE_CODE = YES;
				CLANG_WARN__DUPLICATE_METHOD_MATCH = YES;
				"CODE_SIGN_IDENTITY[sdk=iphoneos*]" = "iPhone Developer";
				COPY_PHASE_STRIP = NO;
				DEBUG_INFORMATION_FORMAT = "dwarf-with-dsym";
				ENABLE_NS_ASSERTIONS = NO;
				ENABLE_STRICT_OBJC_MSGSEND = YES;
				GCC_C_LANGUAGE_STANDARD = gnu99;
				GCC_NO_COMMON_BLOCKS = YES;
				GCC_WARN_64_TO_32_BIT_CONVERSION = YES;
				GCC_WARN_ABOUT_RETURN_TYPE = YES_ERROR;
				GCC_WARN_UNDECLARED_SELECTOR = YES;
				GCC_WARN_UNINITIALIZED_AUTOS = YES_AGGRESSIVE;
				GCC_WARN_UNUSED_FUNCTION = YES;
				GCC_WARN_UNUSED_VARIABLE = YES;
				IPHONEOS_DEPLOYMENT_TARGET = 10.0;
				MTL_ENABLE_DEBUG_INFO = NO;
				SDKROOT = iphoneos;
				VALIDATE_PRODUCT = YES;
			};
			name = Release;
		};
		9407E4611D9CECA5009D488F /* Debug */ = {
			isa = XCBuildConfiguration;
			buildSettings = {
				ASSETCATALOG_COMPILER_APPICON_NAME = AppIcon;
				INFOPLIST_FILE = TransitioningAnimationDemo1/Info.plist;
				LD_RUNPATH_SEARCH_PATHS = "$(inherited) @executable_path/Frameworks";
				PRODUCT_BUNDLE_IDENTIFIER = JiongXing.TransitioningAnimationDemo1;
				PRODUCT_NAME = "$(TARGET_NAME)";
			};
			name = Debug;
		};
		9407E4621D9CECA5009D488F /* Release */ = {
			isa = XCBuildConfiguration;
			buildSettings = {
				ASSETCATALOG_COMPILER_APPICON_NAME = AppIcon;
				INFOPLIST_FILE = TransitioningAnimationDemo1/Info.plist;
				LD_RUNPATH_SEARCH_PATHS = "$(inherited) @executable_path/Frameworks";
				PRODUCT_BUNDLE_IDENTIFIER = JiongXing.TransitioningAnimationDemo1;
				PRODUCT_NAME = "$(TARGET_NAME)";
			};
			name = Release;
		};
/* End XCBuildConfiguration section */

/* Begin XCConfigurationList section */
		9407E4441D9CECA5009D488F /* Build configuration list for PBXProject "TransitioningAnimationDemo1" */ = {
			isa = XCConfigurationList;
			buildConfigurations = (
				9407E45E1D9CECA5009D488F /* Debug */,
				9407E45F1D9CECA5009D488F /* Release */,
			);
			defaultConfigurationIsVisible = 0;
			defaultConfigurationName = Release;
		};
		9407E4601D9CECA5009D488F /* Build configuration list for PBXNativeTarget "TransitioningAnimationDemo1" */ = {
			isa = XCConfigurationList;
			buildConfigurations = (
				9407E4611D9CECA5009D488F /* Debug */,
				9407E4621D9CECA5009D488F /* Release */,
			);
			defaultConfigurationIsVisible = 0;
			defaultConfigurationName = Release;
		};
/* End XCConfigurationList section */
	};
	rootObject = 9407E4411D9CECA5009D488F /* Project object */;
}
